// !$*UTF8*$!
{
	archiveVersion = 1;
	classes = {
	};
	objectVersion = 56;
	objects = {

/* Begin PBXBuildFile section */
		FF61624729A8F4B300CA4589 /* Gradients.swift in Sources */ = {isa = PBXBuildFile; fileRef = FF61624629A8F4B300CA4589 /* Gradients.swift */; };
		FFA6345129A8DD94009109D9 /* JuicySweetStoryApp.swift in Sources */ = {isa = PBXBuildFile; fileRef = FFA6345029A8DD94009109D9 /* JuicySweetStoryApp.swift */; };
		FFA6345329A8DD94009109D9 /* ContentView.swift in Sources */ = {isa = PBXBuildFile; fileRef = FFA6345229A8DD94009109D9 /* ContentView.swift */; };
		FFA6345529A8DD9A009109D9 /* Assets.xcassets in Resources */ = {isa = PBXBuildFile; fileRef = FFA6345429A8DD9A009109D9 /* Assets.xcassets */; };
		FFA6346229A8DF1D009109D9 /* Images.xcassets in Resources */ = {isa = PBXBuildFile; fileRef = FFA6346129A8DF1D009109D9 /* Images.xcassets */; };
		FFA6346429A8DF29009109D9 /* Colors.xcassets in Resources */ = {isa = PBXBuildFile; fileRef = FFA6346329A8DF29009109D9 /* Colors.xcassets */; };
		FFA6346729A8DF46009109D9 /* Localizable.strings in Resources */ = {isa = PBXBuildFile; fileRef = FFA6346929A8DF46009109D9 /* Localizable.strings */; };
		FFB0A72129A8E51700B6BE83 /* Assets.generated.swift in Sources */ = {isa = PBXBuildFile; fileRef = FFB0A71E29A8E51600B6BE83 /* Assets.generated.swift */; };
		FFB0A72229A8E51700B6BE83 /* Fonts.generated.swift in Sources */ = {isa = PBXBuildFile; fileRef = FFB0A71F29A8E51600B6BE83 /* Fonts.generated.swift */; };
		FFB0A72329A8E51700B6BE83 /* Strings.generated.swift in Sources */ = {isa = PBXBuildFile; fileRef = FFB0A72029A8E51600B6BE83 /* Strings.generated.swift */; };
		FFB0A72729A8E70800B6BE83 /* MainView.swift in Sources */ = {isa = PBXBuildFile; fileRef = FFB0A72629A8E70800B6BE83 /* MainView.swift */; };
		FFB0A72B29A8EB4E00B6BE83 /* ScreenMenuElement.swift in Sources */ = {isa = PBXBuildFile; fileRef = FFB0A72A29A8EB4E00B6BE83 /* ScreenMenuElement.swift */; };
		FFB0A72E29A8ED2200B6BE83 /* ScreenMenuView.swift in Sources */ = {isa = PBXBuildFile; fileRef = FFB0A72D29A8ED2200B6BE83 /* ScreenMenuView.swift */; };
		FFB0A73029A8EF9200B6BE83 /* ScreenMenuElementView.swift in Sources */ = {isa = PBXBuildFile; fileRef = FFB0A72F29A8EF9200B6BE83 /* ScreenMenuElementView.swift */; };
		FFB0A73229A8F13800B6BE83 /* Knewave-Regular.ttf in Resources */ = {isa = PBXBuildFile; fileRef = FFB0A73129A8F13800B6BE83 /* Knewave-Regular.ttf */; };
/* End PBXBuildFile section */

/* Begin PBXFileReference section */
		FF61624629A8F4B300CA4589 /* Gradients.swift */ = {isa = PBXFileReference; lastKnownFileType = sourcecode.swift; path = Gradients.swift; sourceTree = "<group>"; };
		FFA6344D29A8DD94009109D9 /* JuicySweetStory.app */ = {isa = PBXFileReference; explicitFileType = wrapper.application; includeInIndex = 0; path = JuicySweetStory.app; sourceTree = BUILT_PRODUCTS_DIR; };
		FFA6345029A8DD94009109D9 /* JuicySweetStoryApp.swift */ = {isa = PBXFileReference; lastKnownFileType = sourcecode.swift; path = JuicySweetStoryApp.swift; sourceTree = "<group>"; };
		FFA6345229A8DD94009109D9 /* ContentView.swift */ = {isa = PBXFileReference; lastKnownFileType = sourcecode.swift; path = ContentView.swift; sourceTree = "<group>"; };
		FFA6345429A8DD9A009109D9 /* Assets.xcassets */ = {isa = PBXFileReference; lastKnownFileType = folder.assetcatalog; path = Assets.xcassets; sourceTree = "<group>"; };
		FFA6346129A8DF1D009109D9 /* Images.xcassets */ = {isa = PBXFileReference; lastKnownFileType = folder.assetcatalog; path = Images.xcassets; sourceTree = "<group>"; };
		FFA6346329A8DF29009109D9 /* Colors.xcassets */ = {isa = PBXFileReference; lastKnownFileType = folder.assetcatalog; path = Colors.xcassets; sourceTree = "<group>"; };
		FFA6346829A8DF46009109D9 /* en */ = {isa = PBXFileReference; lastKnownFileType = text.plist.strings; name = en; path = en.lproj/Localizable.strings; sourceTree = "<group>"; };
		FFB0A71E29A8E51600B6BE83 /* Assets.generated.swift */ = {isa = PBXFileReference; fileEncoding = 4; lastKnownFileType = sourcecode.swift; path = Assets.generated.swift; sourceTree = "<group>"; };
		FFB0A71F29A8E51600B6BE83 /* Fonts.generated.swift */ = {isa = PBXFileReference; fileEncoding = 4; lastKnownFileType = sourcecode.swift; path = Fonts.generated.swift; sourceTree = "<group>"; };
		FFB0A72029A8E51600B6BE83 /* Strings.generated.swift */ = {isa = PBXFileReference; fileEncoding = 4; lastKnownFileType = sourcecode.swift; path = Strings.generated.swift; sourceTree = "<group>"; };
		FFB0A72629A8E70800B6BE83 /* MainView.swift */ = {isa = PBXFileReference; lastKnownFileType = sourcecode.swift; path = MainView.swift; sourceTree = "<group>"; };
		FFB0A72A29A8EB4E00B6BE83 /* ScreenMenuElement.swift */ = {isa = PBXFileReference; lastKnownFileType = sourcecode.swift; path = ScreenMenuElement.swift; sourceTree = "<group>"; };
		FFB0A72D29A8ED2200B6BE83 /* ScreenMenuView.swift */ = {isa = PBXFileReference; lastKnownFileType = sourcecode.swift; path = ScreenMenuView.swift; sourceTree = "<group>"; };
		FFB0A72F29A8EF9200B6BE83 /* ScreenMenuElementView.swift */ = {isa = PBXFileReference; lastKnownFileType = sourcecode.swift; path = ScreenMenuElementView.swift; sourceTree = "<group>"; };
		FFB0A73129A8F13800B6BE83 /* Knewave-Regular.ttf */ = {isa = PBXFileReference; lastKnownFileType = file; path = "Knewave-Regular.ttf"; sourceTree = "<group>"; };
/* End PBXFileReference section */

/* Begin PBXFrameworksBuildPhase section */
		FFA6344A29A8DD94009109D9 /* Frameworks */ = {
			isa = PBXFrameworksBuildPhase;
			buildActionMask = 2147483647;
			files = (
			);
			runOnlyForDeploymentPostprocessing = 0;
		};
/* End PBXFrameworksBuildPhase section */

/* Begin PBXGroup section */
		FF61624529A8F4A000CA4589 /* Constants */ = {
			isa = PBXGroup;
			children = (
				FF61624629A8F4B300CA4589 /* Gradients.swift */,
			);
			path = Constants;
			sourceTree = "<group>";
		};
		FFA6344429A8DD94009109D9 = {
			isa = PBXGroup;
			children = (
				FFA6344F29A8DD94009109D9 /* JuicySweetStory */,
				FFA6344E29A8DD94009109D9 /* Products */,
			);
			sourceTree = "<group>";
		};
		FFA6344E29A8DD94009109D9 /* Products */ = {
			isa = PBXGroup;
			children = (
				FFA6344D29A8DD94009109D9 /* JuicySweetStory.app */,
			);
			name = Products;
			sourceTree = "<group>";
		};
		FFA6344F29A8DD94009109D9 /* JuicySweetStory */ = {
			isa = PBXGroup;
			children = (
				FF61624529A8F4A000CA4589 /* Constants */,
				FFA6346029A8DDFA009109D9 /* Resources */,
				FFA6345F29A8DDEA009109D9 /* App */,
				FFA6345E29A8DDDE009109D9 /* View */,
			);
			path = JuicySweetStory;
			sourceTree = "<group>";
		};
		FFA6345E29A8DDDE009109D9 /* View */ = {
			isa = PBXGroup;
			children = (
				FFB0A72829A8EAF200B6BE83 /* ScreenMenu */,
				FFB0A72429A8E6F300B6BE83 /* Main */,
				FFA6345229A8DD94009109D9 /* ContentView.swift */,
			);
			path = View;
			sourceTree = "<group>";
		};
		FFA6345F29A8DDEA009109D9 /* App */ = {
			isa = PBXGroup;
			children = (
				FFA6345029A8DD94009109D9 /* JuicySweetStoryApp.swift */,
			);
			path = App;
			sourceTree = "<group>";
		};
		FFA6346029A8DDFA009109D9 /* Resources */ = {
			isa = PBXGroup;
			children = (
				FFB0A71E29A8E51600B6BE83 /* Assets.generated.swift */,
				FFB0A71F29A8E51600B6BE83 /* Fonts.generated.swift */,
				FFB0A72029A8E51600B6BE83 /* Strings.generated.swift */,
				FFA6346A29A8DF61009109D9 /* Fonts */,
				FFA6345429A8DD9A009109D9 /* Assets.xcassets */,
				FFA6346129A8DF1D009109D9 /* Images.xcassets */,
				FFA6346329A8DF29009109D9 /* Colors.xcassets */,
				FFA6346929A8DF46009109D9 /* Localizable.strings */,
			);
			path = Resources;
			sourceTree = "<group>";
		};
		FFA6346A29A8DF61009109D9 /* Fonts */ = {
			isa = PBXGroup;
			children = (
				FFB0A73129A8F13800B6BE83 /* Knewave-Regular.ttf */,
			);
			path = Fonts;
			sourceTree = "<group>";
		};
		FFB0A72429A8E6F300B6BE83 /* Main */ = {
			isa = PBXGroup;
			children = (
				FFB0A72529A8E6F900B6BE83 /* View */,
			);
			path = Main;
			sourceTree = "<group>";
		};
		FFB0A72529A8E6F900B6BE83 /* View */ = {
			isa = PBXGroup;
			children = (
				FFB0A72629A8E70800B6BE83 /* MainView.swift */,
			);
			path = View;
			sourceTree = "<group>";
		};
		FFB0A72829A8EAF200B6BE83 /* ScreenMenu */ = {
			isa = PBXGroup;
			children = (
				FFB0A72C29A8ED1200B6BE83 /* View */,
				FFB0A72929A8EAFC00B6BE83 /* Model */,
			);
			path = ScreenMenu;
			sourceTree = "<group>";
		};
		FFB0A72929A8EAFC00B6BE83 /* Model */ = {
			isa = PBXGroup;
			children = (
				FFB0A72A29A8EB4E00B6BE83 /* ScreenMenuElement.swift */,
			);
			path = Model;
			sourceTree = "<group>";
		};
		FFB0A72C29A8ED1200B6BE83 /* View */ = {
			isa = PBXGroup;
			children = (
				FFB0A72D29A8ED2200B6BE83 /* ScreenMenuView.swift */,
				FFB0A72F29A8EF9200B6BE83 /* ScreenMenuElementView.swift */,
			);
			path = View;
			sourceTree = "<group>";
		};
/* End PBXGroup section */

/* Begin PBXNativeTarget section */
		FFA6344C29A8DD94009109D9 /* JuicySweetStory */ = {
			isa = PBXNativeTarget;
			buildConfigurationList = FFA6345B29A8DD9A009109D9 /* Build configuration list for PBXNativeTarget "JuicySweetStory" */;
			buildPhases = (
				FFA6346D29A8E203009109D9 /* [SwiftGen] Generate Sources */,
				FFA6346E29A8E23C009109D9 /* [SwiftLint] Validate Sources */,
				FFA6344929A8DD94009109D9 /* Sources */,
				FFA6344A29A8DD94009109D9 /* Frameworks */,
				FFA6344B29A8DD94009109D9 /* Resources */,
			);
			buildRules = (
			);
			dependencies = (
			);
			name = JuicySweetStory;
			productName = JuicySweetStory;
			productReference = FFA6344D29A8DD94009109D9 /* JuicySweetStory.app */;
			productType = "com.apple.product-type.application";
		};
/* End PBXNativeTarget section */

/* Begin PBXProject section */
		FFA6344529A8DD94009109D9 /* Project object */ = {
			isa = PBXProject;
			attributes = {
				BuildIndependentTargetsInParallel = 1;
				LastSwiftUpdateCheck = 1420;
				LastUpgradeCheck = 1420;
				TargetAttributes = {
					FFA6344C29A8DD94009109D9 = {
						CreatedOnToolsVersion = 14.2;
					};
				};
			};
			buildConfigurationList = FFA6344829A8DD94009109D9 /* Build configuration list for PBXProject "JuicySweetStory" */;
			compatibilityVersion = "Xcode 14.0";
			developmentRegion = en;
			hasScannedForEncodings = 0;
			knownRegions = (
				en,
				Base,
			);
			mainGroup = FFA6344429A8DD94009109D9;
			productRefGroup = FFA6344E29A8DD94009109D9 /* Products */;
			projectDirPath = "";
			projectRoot = "";
			targets = (
				FFA6344C29A8DD94009109D9 /* JuicySweetStory */,
			);
		};
/* End PBXProject section */

/* Begin PBXResourcesBuildPhase section */
		FFA6344B29A8DD94009109D9 /* Resources */ = {
			isa = PBXResourcesBuildPhase;
			buildActionMask = 2147483647;
			files = (
				FFA6346729A8DF46009109D9 /* Localizable.strings in Resources */,
				FFA6346229A8DF1D009109D9 /* Images.xcassets in Resources */,
				FFB0A73229A8F13800B6BE83 /* Knewave-Regular.ttf in Resources */,
				FFA6346429A8DF29009109D9 /* Colors.xcassets in Resources */,
				FFA6345529A8DD9A009109D9 /* Assets.xcassets in Resources */,
			);
			runOnlyForDeploymentPostprocessing = 0;
		};
/* End PBXResourcesBuildPhase section */

/* Begin PBXShellScriptBuildPhase section */
		FFA6346D29A8E203009109D9 /* [SwiftGen] Generate Sources */ = {
			isa = PBXShellScriptBuildPhase;
			alwaysOutOfDate = 1;
			buildActionMask = 2147483647;
			files = (
			);
			inputFileListPaths = (
			);
			inputPaths = (
			);
			name = "[SwiftGen] Generate Sources";
			outputFileListPaths = (
			);
			outputPaths = (
			);
			runOnlyForDeploymentPostprocessing = 0;
			shellPath = /bin/sh;
			shellScript = "# Type a script or drag a script file from your workspace to insert its path.\nexport PATH=\"$PATH:/opt/homebrew/bin\"\nif which swiftgen >/dev/null; then\n  swiftgen\nelse\n  echo \"warning: SwiftGen not installed, download it from https://github.com/SwiftGen/SwiftGen\"\nfi\n";
		};
		FFA6346E29A8E23C009109D9 /* [SwiftLint] Validate Sources */ = {
			isa = PBXShellScriptBuildPhase;
			alwaysOutOfDate = 1;
			buildActionMask = 2147483647;
			files = (
			);
			inputFileListPaths = (
			);
			inputPaths = (
			);
			name = "[SwiftLint] Validate Sources";
			outputFileListPaths = (
			);
			outputPaths = (
			);
			runOnlyForDeploymentPostprocessing = 0;
			shellPath = /bin/sh;
			shellScript = "# Type a script or drag a script file from your workspace to insert its path.\nexport PATH=\"$PATH:/opt/homebrew/bin\"\nif which swiftlint > /dev/null; then\n  swiftlint\nelse\n  echo \"warning: SwiftLint not installed, download from https://github.com/realm/SwiftLint\"\nfi\n";
		};
/* End PBXShellScriptBuildPhase section */

/* Begin PBXSourcesBuildPhase section */
		FFA6344929A8DD94009109D9 /* Sources */ = {
			isa = PBXSourcesBuildPhase;
			buildActionMask = 2147483647;
			files = (
				FFA6345329A8DD94009109D9 /* ContentView.swift in Sources */,
				FF61624729A8F4B300CA4589 /* Gradients.swift in Sources */,
				FFB0A72729A8E70800B6BE83 /* MainView.swift in Sources */,
				FFA6345129A8DD94009109D9 /* JuicySweetStoryApp.swift in Sources */,
				FFB0A72B29A8EB4E00B6BE83 /* ScreenMenuElement.swift in Sources */,
				FFB0A72329A8E51700B6BE83 /* Strings.generated.swift in Sources */,
				FFB0A72129A8E51700B6BE83 /* Assets.generated.swift in Sources */,
				FFB0A73029A8EF9200B6BE83 /* ScreenMenuElementView.swift in Sources */,
				FFB0A72229A8E51700B6BE83 /* Fonts.generated.swift in Sources */,
				FFB0A72E29A8ED2200B6BE83 /* ScreenMenuView.swift in Sources */,
			);
			runOnlyForDeploymentPostprocessing = 0;
		};
/* End PBXSourcesBuildPhase section */

/* Begin PBXVariantGroup section */
		FFA6346929A8DF46009109D9 /* Localizable.strings */ = {
			isa = PBXVariantGroup;
			children = (
				FFA6346829A8DF46009109D9 /* en */,
			);
			name = Localizable.strings;
			sourceTree = "<group>";
		};
/* End PBXVariantGroup section */

/* Begin XCBuildConfiguration section */
		FFA6345929A8DD9A009109D9 /* Debug */ = {
			isa = XCBuildConfiguration;
			buildSettings = {
				ALWAYS_SEARCH_USER_PATHS = NO;
				CLANG_ANALYZER_NONNULL = YES;
				CLANG_ANALYZER_NUMBER_OBJECT_CONVERSION = YES_AGGRESSIVE;
				CLANG_CXX_LANGUAGE_STANDARD = "gnu++20";
				CLANG_ENABLE_MODULES = YES;
				CLANG_ENABLE_OBJC_ARC = YES;
				CLANG_ENABLE_OBJC_WEAK = YES;
				CLANG_WARN_BLOCK_CAPTURE_AUTORELEASING = YES;
				CLANG_WARN_BOOL_CONVERSION = YES;
				CLANG_WARN_COMMA = YES;
				CLANG_WARN_CONSTANT_CONVERSION = YES;
				CLANG_WARN_DEPRECATED_OBJC_IMPLEMENTATIONS = YES;
				CLANG_WARN_DIRECT_OBJC_ISA_USAGE = YES_ERROR;
				CLANG_WARN_DOCUMENTATION_COMMENTS = YES;
				CLANG_WARN_EMPTY_BODY = YES;
				CLANG_WARN_ENUM_CONVERSION = YES;
				CLANG_WARN_INFINITE_RECURSION = YES;
				CLANG_WARN_INT_CONVERSION = YES;
				CLANG_WARN_NON_LITERAL_NULL_CONVERSION = YES;
				CLANG_WARN_OBJC_IMPLICIT_RETAIN_SELF = YES;
				CLANG_WARN_OBJC_LITERAL_CONVERSION = YES;
				CLANG_WARN_OBJC_ROOT_CLASS = YES_ERROR;
				CLANG_WARN_QUOTED_INCLUDE_IN_FRAMEWORK_HEADER = YES;
				CLANG_WARN_RANGE_LOOP_ANALYSIS = YES;
				CLANG_WARN_STRICT_PROTOTYPES = YES;
				CLANG_WARN_SUSPICIOUS_MOVE = YES;
				CLANG_WARN_UNGUARDED_AVAILABILITY = YES_AGGRESSIVE;
				CLANG_WARN_UNREACHABLE_CODE = YES;
				CLANG_WARN__DUPLICATE_METHOD_MATCH = YES;
				COPY_PHASE_STRIP = NO;
				DEBUG_INFORMATION_FORMAT = dwarf;
				ENABLE_STRICT_OBJC_MSGSEND = YES;
				ENABLE_TESTABILITY = YES;
				GCC_C_LANGUAGE_STANDARD = gnu11;
				GCC_DYNAMIC_NO_PIC = NO;
				GCC_NO_COMMON_BLOCKS = YES;
				GCC_OPTIMIZATION_LEVEL = 0;
				GCC_PREPROCESSOR_DEFINITIONS = (
					"DEBUG=1",
					"$(inherited)",
				);
				GCC_WARN_64_TO_32_BIT_CONVERSION = YES;
				GCC_WARN_ABOUT_RETURN_TYPE = YES_ERROR;
				GCC_WARN_UNDECLARED_SELECTOR = YES;
				GCC_WARN_UNINITIALIZED_AUTOS = YES_AGGRESSIVE;
				GCC_WARN_UNUSED_FUNCTION = YES;
				GCC_WARN_UNUSED_VARIABLE = YES;
				IPHONEOS_DEPLOYMENT_TARGET = 16.2;
				MTL_ENABLE_DEBUG_INFO = INCLUDE_SOURCE;
				MTL_FAST_MATH = YES;
				ONLY_ACTIVE_ARCH = YES;
				SDKROOT = iphoneos;
				SWIFT_ACTIVE_COMPILATION_CONDITIONS = DEBUG;
				SWIFT_OPTIMIZATION_LEVEL = "-Onone";
			};
			name = Debug;
		};
		FFA6345A29A8DD9A009109D9 /* Release */ = {
			isa = XCBuildConfiguration;
			buildSettings = {
				ALWAYS_SEARCH_USER_PATHS = NO;
				CLANG_ANALYZER_NONNULL = YES;
				CLANG_ANALYZER_NUMBER_OBJECT_CONVERSION = YES_AGGRESSIVE;
				CLANG_CXX_LANGUAGE_STANDARD = "gnu++20";
				CLANG_ENABLE_MODULES = YES;
				CLANG_ENABLE_OBJC_ARC = YES;
				CLANG_ENABLE_OBJC_WEAK = YES;
				CLANG_WARN_BLOCK_CAPTURE_AUTORELEASING = YES;
				CLANG_WARN_BOOL_CONVERSION = YES;
				CLANG_WARN_COMMA = YES;
				CLANG_WARN_CONSTANT_CONVERSION = YES;
				CLANG_WARN_DEPRECATED_OBJC_IMPLEMENTATIONS = YES;
				CLANG_WARN_DIRECT_OBJC_ISA_USAGE = YES_ERROR;
				CLANG_WARN_DOCUMENTATION_COMMENTS = YES;
				CLANG_WARN_EMPTY_BODY = YES;
				CLANG_WARN_ENUM_CONVERSION = YES;
				CLANG_WARN_INFINITE_RECURSION = YES;
				CLANG_WARN_INT_CONVERSION = YES;
				CLANG_WARN_NON_LITERAL_NULL_CONVERSION = YES;
				CLANG_WARN_OBJC_IMPLICIT_RETAIN_SELF = YES;
				CLANG_WARN_OBJC_LITERAL_CONVERSION = YES;
				CLANG_WARN_OBJC_ROOT_CLASS = YES_ERROR;
				CLANG_WARN_QUOTED_INCLUDE_IN_FRAMEWORK_HEADER = YES;
				CLANG_WARN_RANGE_LOOP_ANALYSIS = YES;
				CLANG_WARN_STRICT_PROTOTYPES = YES;
				CLANG_WARN_SUSPICIOUS_MOVE = YES;
				CLANG_WARN_UNGUARDED_AVAILABILITY = YES_AGGRESSIVE;
				CLANG_WARN_UNREACHABLE_CODE = YES;
				CLANG_WARN__DUPLICATE_METHOD_MATCH = YES;
				COPY_PHASE_STRIP = NO;
				DEBUG_INFORMATION_FORMAT = "dwarf-with-dsym";
				ENABLE_NS_ASSERTIONS = NO;
				ENABLE_STRICT_OBJC_MSGSEND = YES;
				GCC_C_LANGUAGE_STANDARD = gnu11;
				GCC_NO_COMMON_BLOCKS = YES;
				GCC_WARN_64_TO_32_BIT_CONVERSION = YES;
				GCC_WARN_ABOUT_RETURN_TYPE = YES_ERROR;
				GCC_WARN_UNDECLARED_SELECTOR = YES;
				GCC_WARN_UNINITIALIZED_AUTOS = YES_AGGRESSIVE;
				GCC_WARN_UNUSED_FUNCTION = YES;
				GCC_WARN_UNUSED_VARIABLE = YES;
				IPHONEOS_DEPLOYMENT_TARGET = 16.2;
				MTL_ENABLE_DEBUG_INFO = NO;
				MTL_FAST_MATH = YES;
				SDKROOT = iphoneos;
				SWIFT_COMPILATION_MODE = wholemodule;
				SWIFT_OPTIMIZATION_LEVEL = "-O";
				VALIDATE_PRODUCT = YES;
			};
			name = Release;
		};
		FFA6345C29A8DD9A009109D9 /* Debug */ = {
			isa = XCBuildConfiguration;
			buildSettings = {
				ASSETCATALOG_COMPILER_APPICON_NAME = AppIcon;
				ASSETCATALOG_COMPILER_GLOBAL_ACCENT_COLOR_NAME = AccentColor;
				CODE_SIGN_STYLE = Automatic;
				CURRENT_PROJECT_VERSION = 1;
				DEVELOPMENT_TEAM = AF68Y4A9MG;
				ENABLE_PREVIEWS = YES;
				GENERATE_INFOPLIST_FILE = YES;
				INFOPLIST_KEY_UIApplicationSceneManifest_Generation = YES;
				INFOPLIST_KEY_UIApplicationSupportsIndirectInputEvents = YES;
				INFOPLIST_KEY_UILaunchScreen_Generation = YES;
				INFOPLIST_KEY_UISupportedInterfaceOrientations_iPad = "UIInterfaceOrientationPortrait UIInterfaceOrientationPortraitUpsideDown UIInterfaceOrientationLandscapeLeft UIInterfaceOrientationLandscapeRight";
				INFOPLIST_KEY_UISupportedInterfaceOrientations_iPhone = "UIInterfaceOrientationPortrait UIInterfaceOrientationLandscapeLeft UIInterfaceOrientationLandscapeRight";
				LD_RUNPATH_SEARCH_PATHS = (
					"$(inherited)",
					"@executable_path/Frameworks",
				);
				MARKETING_VERSION = 1.0;
				PRODUCT_BUNDLE_IDENTIFIER = "-.JuicySweetStory";
				PRODUCT_NAME = "$(TARGET_NAME)";
				SWIFT_EMIT_LOC_STRINGS = YES;
				SWIFT_VERSION = 5.0;
				TARGETED_DEVICE_FAMILY = "1,2";
			};
			name = Debug;
		};
		FFA6345D29A8DD9A009109D9 /* Release */ = {
			isa = XCBuildConfiguration;
			buildSettings = {
				ASSETCATALOG_COMPILER_APPICON_NAME = AppIcon;
				ASSETCATALOG_COMPILER_GLOBAL_ACCENT_COLOR_NAME = AccentColor;
				CODE_SIGN_STYLE = Automatic;
				CURRENT_PROJECT_VERSION = 1;
				DEVELOPMENT_TEAM = AF68Y4A9MG;
				ENABLE_PREVIEWS = YES;
				GENERATE_INFOPLIST_FILE = YES;
				INFOPLIST_KEY_UIApplicationSceneManifest_Generation = YES;
				INFOPLIST_KEY_UIApplicationSupportsIndirectInputEvents = YES;
				INFOPLIST_KEY_UILaunchScreen_Generation = YES;
				INFOPLIST_KEY_UISupportedInterfaceOrientations_iPad = "UIInterfaceOrientationPortrait UIInterfaceOrientationPortraitUpsideDown UIInterfaceOrientationLandscapeLeft UIInterfaceOrientationLandscapeRight";
				INFOPLIST_KEY_UISupportedInterfaceOrientations_iPhone = "UIInterfaceOrientationPortrait UIInterfaceOrientationLandscapeLeft UIInterfaceOrientationLandscapeRight";
				LD_RUNPATH_SEARCH_PATHS = (
					"$(inherited)",
					"@executable_path/Frameworks",
				);
				MARKETING_VERSION = 1.0;
				PRODUCT_BUNDLE_IDENTIFIER = "-.JuicySweetStory";
				PRODUCT_NAME = "$(TARGET_NAME)";
				SWIFT_EMIT_LOC_STRINGS = YES;
				SWIFT_VERSION = 5.0;
				TARGETED_DEVICE_FAMILY = "1,2";
			};
			name = Release;
		};
/* End XCBuildConfiguration section */

/* Begin XCConfigurationList section */
		FFA6344829A8DD94009109D9 /* Build configuration list for PBXProject "JuicySweetStory" */ = {
			isa = XCConfigurationList;
			buildConfigurations = (
				FFA6345929A8DD9A009109D9 /* Debug */,
				FFA6345A29A8DD9A009109D9 /* Release */,
			);
			defaultConfigurationIsVisible = 0;
			defaultConfigurationName = Release;
		};
		FFA6345B29A8DD9A009109D9 /* Build configuration list for PBXNativeTarget "JuicySweetStory" */ = {
			isa = XCConfigurationList;
			buildConfigurations = (
				FFA6345C29A8DD9A009109D9 /* Debug */,
				FFA6345D29A8DD9A009109D9 /* Release */,
			);
			defaultConfigurationIsVisible = 0;
			defaultConfigurationName = Release;
		};
/* End XCConfigurationList section */
	};
	rootObject = FFA6344529A8DD94009109D9 /* Project object */;
}
